// !$*UTF8*$!
{
	archiveVersion = 1;
	classes = {
	};
	objectVersion = 55;
	objects = {

/* Begin PBXBuildFile section */
		83100FF52820EBBD0091500F /* FirstStrategyViewModel.swift in Sources */ = {isa = PBXBuildFile; fileRef = 83100FF42820EBBD0091500F /* FirstStrategyViewModel.swift */; };
		8316D77A28226915005C799F /* FirstStrategyCollectionViewCell.xib in Resources */ = {isa = PBXBuildFile; fileRef = 8316D77928226915005C799F /* FirstStrategyCollectionViewCell.xib */; };
		833BBBF5281FC41400362C84 /* FirstStrategyProtocol.swift in Sources */ = {isa = PBXBuildFile; fileRef = 833BBBF4281FC41400362C84 /* FirstStrategyProtocol.swift */; };
		833BBBF7281FC43800362C84 /* FirstStrategyViewController.swift in Sources */ = {isa = PBXBuildFile; fileRef = 833BBBF6281FC43800362C84 /* FirstStrategyViewController.swift */; };
		833BBBF9281FC45900362C84 /* FirstStrategyViewController.storyboard in Resources */ = {isa = PBXBuildFile; fileRef = 833BBBF8281FC45900362C84 /* FirstStrategyViewController.storyboard */; };
		833BBBFB281FC47F00362C84 /* APIManager.swift in Sources */ = {isa = PBXBuildFile; fileRef = 833BBBFA281FC47F00362C84 /* APIManager.swift */; };
		833BBBFD281FC78E00362C84 /* FirstStrategy.swift in Sources */ = {isa = PBXBuildFile; fileRef = 833BBBFC281FC78E00362C84 /* FirstStrategy.swift */; };
		833BBBFF281FCBAB00362C84 /* Drink.swift in Sources */ = {isa = PBXBuildFile; fileRef = 833BBBFE281FCBAB00362C84 /* Drink.swift */; };
		833DB63C28371C9F004BA041 /* EditProfileStrategy.swift in Sources */ = {isa = PBXBuildFile; fileRef = 833DB63B28371C9F004BA041 /* EditProfileStrategy.swift */; };
		833DB63E28371CAE004BA041 /* EditNickNameConcreteStrategy.swift in Sources */ = {isa = PBXBuildFile; fileRef = 833DB63D28371CAE004BA041 /* EditNickNameConcreteStrategy.swift */; };
		833DB64028371CC2004BA041 /* EditProfileStrategyViewController.swift in Sources */ = {isa = PBXBuildFile; fileRef = 833DB63F28371CC2004BA041 /* EditProfileStrategyViewController.swift */; };
		833DB64228372CA1004BA041 /* EditProfileStrategyViewController.storyboard in Resources */ = {isa = PBXBuildFile; fileRef = 833DB64128372CA1004BA041 /* EditProfileStrategyViewController.storyboard */; };
		833E5E6D28372EEB006A05A9 /* EditProfileTextFieldCell.swift in Sources */ = {isa = PBXBuildFile; fileRef = 833E5E6C28372EEB006A05A9 /* EditProfileTextFieldCell.swift */; };
		83572F22281FC03400B329DE /* AppDelegate.swift in Sources */ = {isa = PBXBuildFile; fileRef = 83572F21281FC03400B329DE /* AppDelegate.swift */; };
		83572F24281FC03400B329DE /* SceneDelegate.swift in Sources */ = {isa = PBXBuildFile; fileRef = 83572F23281FC03400B329DE /* SceneDelegate.swift */; };
		83572F26281FC03400B329DE /* ViewController.swift in Sources */ = {isa = PBXBuildFile; fileRef = 83572F25281FC03400B329DE /* ViewController.swift */; };
		83572F29281FC03400B329DE /* Main.storyboard in Resources */ = {isa = PBXBuildFile; fileRef = 83572F27281FC03400B329DE /* Main.storyboard */; };
		83572F2B281FC03500B329DE /* Assets.xcassets in Resources */ = {isa = PBXBuildFile; fileRef = 83572F2A281FC03500B329DE /* Assets.xcassets */; };
		83572F2E281FC03500B329DE /* LaunchScreen.storyboard in Resources */ = {isa = PBXBuildFile; fileRef = 83572F2C281FC03500B329DE /* LaunchScreen.storyboard */; };
		8359B0C52830C32200C9D47F /* SecondStrategyDetail.swift in Sources */ = {isa = PBXBuildFile; fileRef = 8359B0C42830C32200C9D47F /* SecondStrategyDetail.swift */; };
		837385412830AD350090C9C4 /* SecondStrategyMemo.swift in Sources */ = {isa = PBXBuildFile; fileRef = 837385402830AD350090C9C4 /* SecondStrategyMemo.swift */; };
		837385442830ADDA0090C9C4 /* SecondStrategyMemoCell.swift in Sources */ = {isa = PBXBuildFile; fileRef = 837385432830ADDA0090C9C4 /* SecondStrategyMemoCell.swift */; };
		837385462830AE560090C9C4 /* SecondStrategyMemoCell.xib in Resources */ = {isa = PBXBuildFile; fileRef = 837385452830AE560090C9C4 /* SecondStrategyMemoCell.xib */; };
		838D951C28333F9F0016E94D /* Strategy.swift in Sources */ = {isa = PBXBuildFile; fileRef = 838D951B28333F9F0016E94D /* Strategy.swift */; };
		838D9520283341340016E94D /* CategoryCell.swift in Sources */ = {isa = PBXBuildFile; fileRef = 838D951F283341340016E94D /* CategoryCell.swift */; };
		838D9524283341510016E94D /* CategoryCell.xib in Resources */ = {isa = PBXBuildFile; fileRef = 838D9523283341510016E94D /* CategoryCell.xib */; };
		8392ABCA282AA6F500805418 /* SecondStrategyProtocol.swift in Sources */ = {isa = PBXBuildFile; fileRef = 8392ABC9282AA6F500805418 /* SecondStrategyProtocol.swift */; };
		8392ABCC282AB57F00805418 /* SecondStrategy.swift in Sources */ = {isa = PBXBuildFile; fileRef = 8392ABCB282AB57F00805418 /* SecondStrategy.swift */; };
		8392ABCF282AB5E300805418 /* TextFieldHeaderView.xib in Resources */ = {isa = PBXBuildFile; fileRef = 8392ABCE282AB5E300805418 /* TextFieldHeaderView.xib */; };
		8392ABD1282AB62100805418 /* TextFieldHeaderView.swift in Sources */ = {isa = PBXBuildFile; fileRef = 8392ABD0282AB62100805418 /* TextFieldHeaderView.swift */; };
		83989FD42833C121007EF525 /* ThumbnailCell.swift in Sources */ = {isa = PBXBuildFile; fileRef = 83989FD32833C121007EF525 /* ThumbnailCell.swift */; };
		83989FD62833C138007EF525 /* ThumbnailCell.xib in Resources */ = {isa = PBXBuildFile; fileRef = 83989FD52833C138007EF525 /* ThumbnailCell.xib */; };
		8399700F2827D79A00686A72 /* FirstStrategyDetailCollectionViewCell.xib in Resources */ = {isa = PBXBuildFile; fileRef = 8399700E2827D79A00686A72 /* FirstStrategyDetailCollectionViewCell.xib */; };
		839970112827D87300686A72 /* FirstStrategyDetailCollectionViewCell.swift in Sources */ = {isa = PBXBuildFile; fileRef = 839970102827D87300686A72 /* FirstStrategyDetailCollectionViewCell.swift */; };
		83A109AF281FD4280058CA5C /* FirstStrategyCollectionViewCell.swift in Sources */ = {isa = PBXBuildFile; fileRef = 83A109AE281FD4280058CA5C /* FirstStrategyCollectionViewCell.swift */; };
		83A287552837543B00ED9EF9 /* QDSKit in Frameworks */ = {isa = PBXBuildFile; productRef = 83A287542837543B00ED9EF9 /* QDSKit */; };
		83A28757283758BB00ED9EF9 /* EditProfileTextFieldCell.xib in Resources */ = {isa = PBXBuildFile; fileRef = 83A28756283758BB00ED9EF9 /* EditProfileTextFieldCell.xib */; };
		83A2875928375BE800ED9EF9 /* EditProfileTextViewCell.swift in Sources */ = {isa = PBXBuildFile; fileRef = 83A2875828375BE800ED9EF9 /* EditProfileTextViewCell.swift */; };
		83A2875B28375BF000ED9EF9 /* EditProfileTextViewCell.xib in Resources */ = {isa = PBXBuildFile; fileRef = 83A2875A28375BF000ED9EF9 /* EditProfileTextViewCell.xib */; };
		83AB164B2833AE2B00B66F34 /* ViewModel.swift in Sources */ = {isa = PBXBuildFile; fileRef = 83AB164A2833AE2B00B66F34 /* ViewModel.swift */; };
		83BE9FBB2837794400F5B9B4 /* EditSchoolConcreteStrategy.swift in Sources */ = {isa = PBXBuildFile; fileRef = 83BE9FBA2837794400F5B9B4 /* EditSchoolConcreteStrategy.swift */; };
		83BE9FBD28377BF200F5B9B4 /* EditGradeConcreteStrategy.swift in Sources */ = {isa = PBXBuildFile; fileRef = 83BE9FBC28377BF200F5B9B4 /* EditGradeConcreteStrategy.swift */; };
		83DFE4702828A8D2000F3E45 /* FirstStrategyDetail.swift in Sources */ = {isa = PBXBuildFile; fileRef = 83DFE46F2828A8D2000F3E45 /* FirstStrategyDetail.swift */; };
		83E86DE62831024700B4899F /* Extension.swift in Sources */ = {isa = PBXBuildFile; fileRef = 83E86DE52831024700B4899F /* Extension.swift */; };
		83F9E580282BA2C700E83921 /* SecondStrategyViewModel.swift in Sources */ = {isa = PBXBuildFile; fileRef = 83F9E57F282BA2C700E83921 /* SecondStrategyViewModel.swift */; };
		83F9E582282BBB3A00E83921 /* SecondStrategyCollectionViewController.swift in Sources */ = {isa = PBXBuildFile; fileRef = 83F9E581282BBB3A00E83921 /* SecondStrategyCollectionViewController.swift */; };
		83FB29E4283768EC00CD17B6 /* EditProfileButtonCollectionCell.swift in Sources */ = {isa = PBXBuildFile; fileRef = 83FB29E3283768EC00CD17B6 /* EditProfileButtonCollectionCell.swift */; };
		83FB29E62837691000CD17B6 /* EditProfileButtonCollectionCell.xib in Resources */ = {isa = PBXBuildFile; fileRef = 83FB29E52837691000CD17B6 /* EditProfileButtonCollectionCell.xib */; };
		83FCFE49283249D600DB6ABE /* StrategyProtocol.swift in Sources */ = {isa = PBXBuildFile; fileRef = 83FCFE48283249D500DB6ABE /* StrategyProtocol.swift */; };
		83FCFE4B2832507300DB6ABE /* StrategyViewController.swift in Sources */ = {isa = PBXBuildFile; fileRef = 83FCFE4A2832507300DB6ABE /* StrategyViewController.swift */; };
/* End PBXBuildFile section */

/* Begin PBXFileReference section */
		83100FF42820EBBD0091500F /* FirstStrategyViewModel.swift */ = {isa = PBXFileReference; lastKnownFileType = sourcecode.swift; path = FirstStrategyViewModel.swift; sourceTree = "<group>"; };
		8316D77928226915005C799F /* FirstStrategyCollectionViewCell.xib */ = {isa = PBXFileReference; lastKnownFileType = file.xib; path = FirstStrategyCollectionViewCell.xib; sourceTree = "<group>"; };
		833BBBF4281FC41400362C84 /* FirstStrategyProtocol.swift */ = {isa = PBXFileReference; lastKnownFileType = sourcecode.swift; path = FirstStrategyProtocol.swift; sourceTree = "<group>"; };
		833BBBF6281FC43800362C84 /* FirstStrategyViewController.swift */ = {isa = PBXFileReference; lastKnownFileType = sourcecode.swift; path = FirstStrategyViewController.swift; sourceTree = "<group>"; };
		833BBBF8281FC45900362C84 /* FirstStrategyViewController.storyboard */ = {isa = PBXFileReference; lastKnownFileType = file.storyboard; path = FirstStrategyViewController.storyboard; sourceTree = "<group>"; };
		833BBBFA281FC47F00362C84 /* APIManager.swift */ = {isa = PBXFileReference; lastKnownFileType = sourcecode.swift; path = APIManager.swift; sourceTree = "<group>"; };
		833BBBFC281FC78E00362C84 /* FirstStrategy.swift */ = {isa = PBXFileReference; lastKnownFileType = sourcecode.swift; path = FirstStrategy.swift; sourceTree = "<group>"; };
		833BBBFE281FCBAB00362C84 /* Drink.swift */ = {isa = PBXFileReference; lastKnownFileType = sourcecode.swift; path = Drink.swift; sourceTree = "<group>"; };
		833DB63B28371C9F004BA041 /* EditProfileStrategy.swift */ = {isa = PBXFileReference; lastKnownFileType = sourcecode.swift; path = EditProfileStrategy.swift; sourceTree = "<group>"; };
		833DB63D28371CAE004BA041 /* EditNickNameConcreteStrategy.swift */ = {isa = PBXFileReference; lastKnownFileType = sourcecode.swift; path = EditNickNameConcreteStrategy.swift; sourceTree = "<group>"; };
		833DB63F28371CC2004BA041 /* EditProfileStrategyViewController.swift */ = {isa = PBXFileReference; lastKnownFileType = sourcecode.swift; path = EditProfileStrategyViewController.swift; sourceTree = "<group>"; };
		833DB64128372CA1004BA041 /* EditProfileStrategyViewController.storyboard */ = {isa = PBXFileReference; lastKnownFileType = file.storyboard; path = EditProfileStrategyViewController.storyboard; sourceTree = "<group>"; };
		833E5E6C28372EEB006A05A9 /* EditProfileTextFieldCell.swift */ = {isa = PBXFileReference; lastKnownFileType = sourcecode.swift; path = EditProfileTextFieldCell.swift; sourceTree = "<group>"; };
		83572F1E281FC03400B329DE /* StrategyBasedCollectionViewController.app */ = {isa = PBXFileReference; explicitFileType = wrapper.application; includeInIndex = 0; path = StrategyBasedCollectionViewController.app; sourceTree = BUILT_PRODUCTS_DIR; };
		83572F21281FC03400B329DE /* AppDelegate.swift */ = {isa = PBXFileReference; lastKnownFileType = sourcecode.swift; path = AppDelegate.swift; sourceTree = "<group>"; };
		83572F23281FC03400B329DE /* SceneDelegate.swift */ = {isa = PBXFileReference; lastKnownFileType = sourcecode.swift; path = SceneDelegate.swift; sourceTree = "<group>"; };
		83572F25281FC03400B329DE /* ViewController.swift */ = {isa = PBXFileReference; lastKnownFileType = sourcecode.swift; path = ViewController.swift; sourceTree = "<group>"; };
		83572F28281FC03400B329DE /* Base */ = {isa = PBXFileReference; lastKnownFileType = file.storyboard; name = Base; path = Base.lproj/Main.storyboard; sourceTree = "<group>"; };
		83572F2A281FC03500B329DE /* Assets.xcassets */ = {isa = PBXFileReference; lastKnownFileType = folder.assetcatalog; path = Assets.xcassets; sourceTree = "<group>"; };
		83572F2D281FC03500B329DE /* Base */ = {isa = PBXFileReference; lastKnownFileType = file.storyboard; name = Base; path = Base.lproj/LaunchScreen.storyboard; sourceTree = "<group>"; };
		83572F2F281FC03500B329DE /* Info.plist */ = {isa = PBXFileReference; lastKnownFileType = text.plist.xml; path = Info.plist; sourceTree = "<group>"; };
		8359B0C42830C32200C9D47F /* SecondStrategyDetail.swift */ = {isa = PBXFileReference; lastKnownFileType = sourcecode.swift; path = SecondStrategyDetail.swift; sourceTree = "<group>"; };
		837385402830AD350090C9C4 /* SecondStrategyMemo.swift */ = {isa = PBXFileReference; lastKnownFileType = sourcecode.swift; path = SecondStrategyMemo.swift; sourceTree = "<group>"; };
		837385432830ADDA0090C9C4 /* SecondStrategyMemoCell.swift */ = {isa = PBXFileReference; lastKnownFileType = sourcecode.swift; path = SecondStrategyMemoCell.swift; sourceTree = "<group>"; };
		837385452830AE560090C9C4 /* SecondStrategyMemoCell.xib */ = {isa = PBXFileReference; lastKnownFileType = file.xib; path = SecondStrategyMemoCell.xib; sourceTree = "<group>"; };
		838D951B28333F9F0016E94D /* Strategy.swift */ = {isa = PBXFileReference; lastKnownFileType = sourcecode.swift; path = Strategy.swift; sourceTree = "<group>"; };
		838D951F283341340016E94D /* CategoryCell.swift */ = {isa = PBXFileReference; lastKnownFileType = sourcecode.swift; path = CategoryCell.swift; sourceTree = "<group>"; };
		838D9523283341510016E94D /* CategoryCell.xib */ = {isa = PBXFileReference; lastKnownFileType = file.xib; path = CategoryCell.xib; sourceTree = "<group>"; };
		8392ABC9282AA6F500805418 /* SecondStrategyProtocol.swift */ = {isa = PBXFileReference; lastKnownFileType = sourcecode.swift; path = SecondStrategyProtocol.swift; sourceTree = "<group>"; };
		8392ABCB282AB57F00805418 /* SecondStrategy.swift */ = {isa = PBXFileReference; lastKnownFileType = sourcecode.swift; path = SecondStrategy.swift; sourceTree = "<group>"; };
		8392ABCE282AB5E300805418 /* TextFieldHeaderView.xib */ = {isa = PBXFileReference; lastKnownFileType = file.xib; path = TextFieldHeaderView.xib; sourceTree = "<group>"; };
		8392ABD0282AB62100805418 /* TextFieldHeaderView.swift */ = {isa = PBXFileReference; lastKnownFileType = sourcecode.swift; path = TextFieldHeaderView.swift; sourceTree = "<group>"; };
		83989FD32833C121007EF525 /* ThumbnailCell.swift */ = {isa = PBXFileReference; lastKnownFileType = sourcecode.swift; path = ThumbnailCell.swift; sourceTree = "<group>"; };
		83989FD52833C138007EF525 /* ThumbnailCell.xib */ = {isa = PBXFileReference; lastKnownFileType = file.xib; path = ThumbnailCell.xib; sourceTree = "<group>"; };
		8399700E2827D79A00686A72 /* FirstStrategyDetailCollectionViewCell.xib */ = {isa = PBXFileReference; lastKnownFileType = file.xib; path = FirstStrategyDetailCollectionViewCell.xib; sourceTree = "<group>"; };
		839970102827D87300686A72 /* FirstStrategyDetailCollectionViewCell.swift */ = {isa = PBXFileReference; lastKnownFileType = sourcecode.swift; path = FirstStrategyDetailCollectionViewCell.swift; sourceTree = "<group>"; };
		83A109AE281FD4280058CA5C /* FirstStrategyCollectionViewCell.swift */ = {isa = PBXFileReference; lastKnownFileType = sourcecode.swift; path = FirstStrategyCollectionViewCell.swift; sourceTree = "<group>"; };
		83A28756283758BB00ED9EF9 /* EditProfileTextFieldCell.xib */ = {isa = PBXFileReference; lastKnownFileType = file.xib; path = EditProfileTextFieldCell.xib; sourceTree = "<group>"; };
		83A2875828375BE800ED9EF9 /* EditProfileTextViewCell.swift */ = {isa = PBXFileReference; lastKnownFileType = sourcecode.swift; path = EditProfileTextViewCell.swift; sourceTree = "<group>"; };
		83A2875A28375BF000ED9EF9 /* EditProfileTextViewCell.xib */ = {isa = PBXFileReference; lastKnownFileType = file.xib; path = EditProfileTextViewCell.xib; sourceTree = "<group>"; };
		83AB164A2833AE2B00B66F34 /* ViewModel.swift */ = {isa = PBXFileReference; lastKnownFileType = sourcecode.swift; path = ViewModel.swift; sourceTree = "<group>"; };
		83BE9FBA2837794400F5B9B4 /* EditSchoolConcreteStrategy.swift */ = {isa = PBXFileReference; lastKnownFileType = sourcecode.swift; path = EditSchoolConcreteStrategy.swift; sourceTree = "<group>"; };
		83BE9FBC28377BF200F5B9B4 /* EditGradeConcreteStrategy.swift */ = {isa = PBXFileReference; lastKnownFileType = sourcecode.swift; path = EditGradeConcreteStrategy.swift; sourceTree = "<group>"; };
		83DFE46F2828A8D2000F3E45 /* FirstStrategyDetail.swift */ = {isa = PBXFileReference; lastKnownFileType = sourcecode.swift; path = FirstStrategyDetail.swift; sourceTree = "<group>"; };
		83E86DE52831024700B4899F /* Extension.swift */ = {isa = PBXFileReference; lastKnownFileType = sourcecode.swift; path = Extension.swift; sourceTree = "<group>"; };
		83F9E57F282BA2C700E83921 /* SecondStrategyViewModel.swift */ = {isa = PBXFileReference; lastKnownFileType = sourcecode.swift; path = SecondStrategyViewModel.swift; sourceTree = "<group>"; };
		83F9E581282BBB3A00E83921 /* SecondStrategyCollectionViewController.swift */ = {isa = PBXFileReference; lastKnownFileType = sourcecode.swift; path = SecondStrategyCollectionViewController.swift; sourceTree = "<group>"; };
		83FB29E3283768EC00CD17B6 /* EditProfileButtonCollectionCell.swift */ = {isa = PBXFileReference; lastKnownFileType = sourcecode.swift; path = EditProfileButtonCollectionCell.swift; sourceTree = "<group>"; };
		83FB29E52837691000CD17B6 /* EditProfileButtonCollectionCell.xib */ = {isa = PBXFileReference; lastKnownFileType = file.xib; path = EditProfileButtonCollectionCell.xib; sourceTree = "<group>"; };
		83FCFE48283249D500DB6ABE /* StrategyProtocol.swift */ = {isa = PBXFileReference; lastKnownFileType = sourcecode.swift; path = StrategyProtocol.swift; sourceTree = "<group>"; };
		83FCFE4A2832507300DB6ABE /* StrategyViewController.swift */ = {isa = PBXFileReference; lastKnownFileType = sourcecode.swift; path = StrategyViewController.swift; sourceTree = "<group>"; };
/* End PBXFileReference section */

/* Begin PBXFrameworksBuildPhase section */
		83572F1B281FC03400B329DE /* Frameworks */ = {
			isa = PBXFrameworksBuildPhase;
			buildActionMask = 2147483647;
			files = (
				83A287552837543B00ED9EF9 /* QDSKit in Frameworks */,
			);
			runOnlyForDeploymentPostprocessing = 0;
		};
/* End PBXFrameworksBuildPhase section */

/* Begin PBXGroup section */
		833DB63A28371C34004BA041 /* EditProfileStrategy */ = {
			isa = PBXGroup;
			children = (
				833DB63B28371C9F004BA041 /* EditProfileStrategy.swift */,
				833DB63D28371CAE004BA041 /* EditNickNameConcreteStrategy.swift */,
				83BE9FBA2837794400F5B9B4 /* EditSchoolConcreteStrategy.swift */,
				83BE9FBC28377BF200F5B9B4 /* EditGradeConcreteStrategy.swift */,
				833DB63F28371CC2004BA041 /* EditProfileStrategyViewController.swift */,
				833DB64128372CA1004BA041 /* EditProfileStrategyViewController.storyboard */,
				833E5E6C28372EEB006A05A9 /* EditProfileTextFieldCell.swift */,
				83A28756283758BB00ED9EF9 /* EditProfileTextFieldCell.xib */,
				83A2875828375BE800ED9EF9 /* EditProfileTextViewCell.swift */,
				83A2875A28375BF000ED9EF9 /* EditProfileTextViewCell.xib */,
				83FB29E3283768EC00CD17B6 /* EditProfileButtonCollectionCell.swift */,
				83FB29E52837691000CD17B6 /* EditProfileButtonCollectionCell.xib */,
			);
			path = EditProfileStrategy;
			sourceTree = "<group>";
		};
		83572F15281FC03400B329DE = {
			isa = PBXGroup;
			children = (
				83572F20281FC03400B329DE /* StrategyBasedCollectionViewController */,
				83572F1F281FC03400B329DE /* Products */,
			);
			sourceTree = "<group>";
		};
		83572F1F281FC03400B329DE /* Products */ = {
			isa = PBXGroup;
			children = (
				83572F1E281FC03400B329DE /* StrategyBasedCollectionViewController.app */,
			);
			name = Products;
			sourceTree = "<group>";
		};
		83572F20281FC03400B329DE /* StrategyBasedCollectionViewController */ = {
			isa = PBXGroup;
			children = (
				83572F21281FC03400B329DE /* AppDelegate.swift */,
				83572F23281FC03400B329DE /* SceneDelegate.swift */,
				83572F25281FC03400B329DE /* ViewController.swift */,
				833BBBFE281FCBAB00362C84 /* Drink.swift */,
				83E86DE52831024700B4899F /* Extension.swift */,
				833DB63A28371C34004BA041 /* EditProfileStrategy */,
				83FCFE47283249BE00DB6ABE /* StrategyViewController */,
				8399700D2827D73400686A72 /* FirstStrategyViewController */,
				8392ABC8282AA69C00805418 /* SecondStrategyViewController */,
				83572F27281FC03400B329DE /* Main.storyboard */,
				833BBBFA281FC47F00362C84 /* APIManager.swift */,
				83572F2A281FC03500B329DE /* Assets.xcassets */,
				83572F2C281FC03500B329DE /* LaunchScreen.storyboard */,
				83572F2F281FC03500B329DE /* Info.plist */,
			);
			path = StrategyBasedCollectionViewController;
			sourceTree = "<group>";
		};
		837385422830ADC60090C9C4 /* Cells */ = {
			isa = PBXGroup;
			children = (
				837385432830ADDA0090C9C4 /* SecondStrategyMemoCell.swift */,
				837385452830AE560090C9C4 /* SecondStrategyMemoCell.xib */,
			);
			path = Cells;
			sourceTree = "<group>";
		};
		838D951E283340FC0016E94D /* Cell */ = {
			isa = PBXGroup;
			children = (
				838D951F283341340016E94D /* CategoryCell.swift */,
				838D9523283341510016E94D /* CategoryCell.xib */,
				83989FD32833C121007EF525 /* ThumbnailCell.swift */,
				83989FD52833C138007EF525 /* ThumbnailCell.xib */,
			);
			path = Cell;
			sourceTree = "<group>";
		};
		8392ABC8282AA69C00805418 /* SecondStrategyViewController */ = {
			isa = PBXGroup;
			children = (
				8392ABC9282AA6F500805418 /* SecondStrategyProtocol.swift */,
				8392ABCB282AB57F00805418 /* SecondStrategy.swift */,
				837385402830AD350090C9C4 /* SecondStrategyMemo.swift */,
				8359B0C42830C32200C9D47F /* SecondStrategyDetail.swift */,
				83F9E57F282BA2C700E83921 /* SecondStrategyViewModel.swift */,
				83F9E581282BBB3A00E83921 /* SecondStrategyCollectionViewController.swift */,
				837385422830ADC60090C9C4 /* Cells */,
				8392ABCD282AB5C100805418 /* SupplymentaryView */,
			);
			path = SecondStrategyViewController;
			sourceTree = "<group>";
		};
		8392ABCD282AB5C100805418 /* SupplymentaryView */ = {
			isa = PBXGroup;
			children = (
				8392ABD0282AB62100805418 /* TextFieldHeaderView.swift */,
				8392ABCE282AB5E300805418 /* TextFieldHeaderView.xib */,
			);
			path = SupplymentaryView;
			sourceTree = "<group>";
		};
		8399700D2827D73400686A72 /* FirstStrategyViewController */ = {
			isa = PBXGroup;
			children = (
				833BBBF4281FC41400362C84 /* FirstStrategyProtocol.swift */,
				833BBBFC281FC78E00362C84 /* FirstStrategy.swift */,
				83DFE46F2828A8D2000F3E45 /* FirstStrategyDetail.swift */,
				833BBBF6281FC43800362C84 /* FirstStrategyViewController.swift */,
				83A109AE281FD4280058CA5C /* FirstStrategyCollectionViewCell.swift */,
				839970102827D87300686A72 /* FirstStrategyDetailCollectionViewCell.swift */,
				83100FF42820EBBD0091500F /* FirstStrategyViewModel.swift */,
				833BBBF8281FC45900362C84 /* FirstStrategyViewController.storyboard */,
				8316D77928226915005C799F /* FirstStrategyCollectionViewCell.xib */,
				8399700E2827D79A00686A72 /* FirstStrategyDetailCollectionViewCell.xib */,
			);
			path = FirstStrategyViewController;
			sourceTree = "<group>";
		};
		83FCFE47283249BE00DB6ABE /* StrategyViewController */ = {
			isa = PBXGroup;
			children = (
				83FCFE48283249D500DB6ABE /* StrategyProtocol.swift */,
				838D951B28333F9F0016E94D /* Strategy.swift */,
				83FCFE4A2832507300DB6ABE /* StrategyViewController.swift */,
				83AB164A2833AE2B00B66F34 /* ViewModel.swift */,
				838D951E283340FC0016E94D /* Cell */,
			);
			path = StrategyViewController;
			sourceTree = "<group>";
		};
/* End PBXGroup section */

/* Begin PBXNativeTarget section */
		83572F1D281FC03400B329DE /* StrategyBasedCollectionViewController */ = {
			isa = PBXNativeTarget;
			buildConfigurationList = 83572F32281FC03500B329DE /* Build configuration list for PBXNativeTarget "StrategyBasedCollectionViewController" */;
			buildPhases = (
				83572F1A281FC03400B329DE /* Sources */,
				83572F1B281FC03400B329DE /* Frameworks */,
				83572F1C281FC03400B329DE /* Resources */,
			);
			buildRules = (
			);
			dependencies = (
			);
			name = StrategyBasedCollectionViewController;
			packageProductDependencies = (
				83A287542837543B00ED9EF9 /* QDSKit */,
			);
			productName = StrategyBasedCollectionViewController;
			productReference = 83572F1E281FC03400B329DE /* StrategyBasedCollectionViewController.app */;
			productType = "com.apple.product-type.application";
		};
/* End PBXNativeTarget section */

/* Begin PBXProject section */
		83572F16281FC03400B329DE /* Project object */ = {
			isa = PBXProject;
			attributes = {
				BuildIndependentTargetsInParallel = 1;
				LastSwiftUpdateCheck = 1330;
				LastUpgradeCheck = 1330;
				TargetAttributes = {
					83572F1D281FC03400B329DE = {
						CreatedOnToolsVersion = 13.3.1;
					};
				};
			};
			buildConfigurationList = 83572F19281FC03400B329DE /* Build configuration list for PBXProject "StrategyBasedCollectionViewController" */;
			compatibilityVersion = "Xcode 13.0";
			developmentRegion = en;
			hasScannedForEncodings = 0;
			knownRegions = (
				en,
				Base,
			);
			mainGroup = 83572F15281FC03400B329DE;
			packageReferences = (
				83A287532837543B00ED9EF9 /* XCRemoteSwiftPackageReference "ios-frameworks-QDSKit" */,
			);
			productRefGroup = 83572F1F281FC03400B329DE /* Products */;
			projectDirPath = "";
			projectRoot = "";
			targets = (
				83572F1D281FC03400B329DE /* StrategyBasedCollectionViewController */,
			);
		};
/* End PBXProject section */

/* Begin PBXResourcesBuildPhase section */
		83572F1C281FC03400B329DE /* Resources */ = {
			isa = PBXResourcesBuildPhase;
			buildActionMask = 2147483647;
			files = (
				837385462830AE560090C9C4 /* SecondStrategyMemoCell.xib in Resources */,
				83A28757283758BB00ED9EF9 /* EditProfileTextFieldCell.xib in Resources */,
				83A2875B28375BF000ED9EF9 /* EditProfileTextViewCell.xib in Resources */,
				83572F2E281FC03500B329DE /* LaunchScreen.storyboard in Resources */,
				83572F2B281FC03500B329DE /* Assets.xcassets in Resources */,
				833DB64228372CA1004BA041 /* EditProfileStrategyViewController.storyboard in Resources */,
				8399700F2827D79A00686A72 /* FirstStrategyDetailCollectionViewCell.xib in Resources */,
				83989FD62833C138007EF525 /* ThumbnailCell.xib in Resources */,
				83572F29281FC03400B329DE /* Main.storyboard in Resources */,
				8316D77A28226915005C799F /* FirstStrategyCollectionViewCell.xib in Resources */,
				8392ABCF282AB5E300805418 /* TextFieldHeaderView.xib in Resources */,
				83FB29E62837691000CD17B6 /* EditProfileButtonCollectionCell.xib in Resources */,
				838D9524283341510016E94D /* CategoryCell.xib in Resources */,
				833BBBF9281FC45900362C84 /* FirstStrategyViewController.storyboard in Resources */,
			);
			runOnlyForDeploymentPostprocessing = 0;
		};
/* End PBXResourcesBuildPhase section */

/* Begin PBXSourcesBuildPhase section */
		83572F1A281FC03400B329DE /* Sources */ = {
			isa = PBXSourcesBuildPhase;
			buildActionMask = 2147483647;
			files = (
				8392ABCA282AA6F500805418 /* SecondStrategyProtocol.swift in Sources */,
				833BBBFD281FC78E00362C84 /* FirstStrategy.swift in Sources */,
				83BE9FBB2837794400F5B9B4 /* EditSchoolConcreteStrategy.swift in Sources */,
				83E86DE62831024700B4899F /* Extension.swift in Sources */,
				833BBBFB281FC47F00362C84 /* APIManager.swift in Sources */,
				838D9520283341340016E94D /* CategoryCell.swift in Sources */,
				833E5E6D28372EEB006A05A9 /* EditProfileTextFieldCell.swift in Sources */,
				83F9E582282BBB3A00E83921 /* SecondStrategyCollectionViewController.swift in Sources */,
				83AB164B2833AE2B00B66F34 /* ViewModel.swift in Sources */,
				83F9E580282BA2C700E83921 /* SecondStrategyViewModel.swift in Sources */,
				83572F26281FC03400B329DE /* ViewController.swift in Sources */,
				83989FD42833C121007EF525 /* ThumbnailCell.swift in Sources */,
				83FB29E4283768EC00CD17B6 /* EditProfileButtonCollectionCell.swift in Sources */,
				833DB63C28371C9F004BA041 /* EditProfileStrategy.swift in Sources */,
				839970112827D87300686A72 /* FirstStrategyDetailCollectionViewCell.swift in Sources */,
				83572F22281FC03400B329DE /* AppDelegate.swift in Sources */,
				833BBBFF281FCBAB00362C84 /* Drink.swift in Sources */,
				83A2875928375BE800ED9EF9 /* EditProfileTextViewCell.swift in Sources */,
				83DFE4702828A8D2000F3E45 /* FirstStrategyDetail.swift in Sources */,
				83572F24281FC03400B329DE /* SceneDelegate.swift in Sources */,
				8392ABD1282AB62100805418 /* TextFieldHeaderView.swift in Sources */,
				83FCFE4B2832507300DB6ABE /* StrategyViewController.swift in Sources */,
				837385412830AD350090C9C4 /* SecondStrategyMemo.swift in Sources */,
				833DB64028371CC2004BA041 /* EditProfileStrategyViewController.swift in Sources */,
				837385442830ADDA0090C9C4 /* SecondStrategyMemoCell.swift in Sources */,
				833DB63E28371CAE004BA041 /* EditNickNameConcreteStrategy.swift in Sources */,
				833BBBF7281FC43800362C84 /* FirstStrategyViewController.swift in Sources */,
				83FCFE49283249D600DB6ABE /* StrategyProtocol.swift in Sources */,
				8392ABCC282AB57F00805418 /* SecondStrategy.swift in Sources */,
				833BBBF5281FC41400362C84 /* FirstStrategyProtocol.swift in Sources */,
				838D951C28333F9F0016E94D /* Strategy.swift in Sources */,
				83BE9FBD28377BF200F5B9B4 /* EditGradeConcreteStrategy.swift in Sources */,
				83100FF52820EBBD0091500F /* FirstStrategyViewModel.swift in Sources */,
				83A109AF281FD4280058CA5C /* FirstStrategyCollectionViewCell.swift in Sources */,
				8359B0C52830C32200C9D47F /* SecondStrategyDetail.swift in Sources */,
			);
			runOnlyForDeploymentPostprocessing = 0;
		};
/* End PBXSourcesBuildPhase section */

/* Begin PBXVariantGroup section */
		83572F27281FC03400B329DE /* Main.storyboard */ = {
			isa = PBXVariantGroup;
			children = (
				83572F28281FC03400B329DE /* Base */,
			);
			name = Main.storyboard;
			sourceTree = "<group>";
		};
		83572F2C281FC03500B329DE /* LaunchScreen.storyboard */ = {
			isa = PBXVariantGroup;
			children = (
				83572F2D281FC03500B329DE /* Base */,
			);
			name = LaunchScreen.storyboard;
			sourceTree = "<group>";
		};
/* End PBXVariantGroup section */

/* Begin XCBuildConfiguration section */
		83572F30281FC03500B329DE /* Debug */ = {
			isa = XCBuildConfiguration;
			buildSettings = {
				ALWAYS_SEARCH_USER_PATHS = NO;
				CLANG_ANALYZER_NONNULL = YES;
				CLANG_ANALYZER_NUMBER_OBJECT_CONVERSION = YES_AGGRESSIVE;
				CLANG_CXX_LANGUAGE_STANDARD = "gnu++17";
				CLANG_ENABLE_MODULES = YES;
				CLANG_ENABLE_OBJC_ARC = YES;
				CLANG_ENABLE_OBJC_WEAK = YES;
				CLANG_WARN_BLOCK_CAPTURE_AUTORELEASING = YES;
				CLANG_WARN_BOOL_CONVERSION = YES;
				CLANG_WARN_COMMA = YES;
				CLANG_WARN_CONSTANT_CONVERSION = YES;
				CLANG_WARN_DEPRECATED_OBJC_IMPLEMENTATIONS = YES;
				CLANG_WARN_DIRECT_OBJC_ISA_USAGE = YES_ERROR;
				CLANG_WARN_DOCUMENTATION_COMMENTS = YES;
				CLANG_WARN_EMPTY_BODY = YES;
				CLANG_WARN_ENUM_CONVERSION = YES;
				CLANG_WARN_INFINITE_RECURSION = YES;
				CLANG_WARN_INT_CONVERSION = YES;
				CLANG_WARN_NON_LITERAL_NULL_CONVERSION = YES;
				CLANG_WARN_OBJC_IMPLICIT_RETAIN_SELF = YES;
				CLANG_WARN_OBJC_LITERAL_CONVERSION = YES;
				CLANG_WARN_OBJC_ROOT_CLASS = YES_ERROR;
				CLANG_WARN_QUOTED_INCLUDE_IN_FRAMEWORK_HEADER = YES;
				CLANG_WARN_RANGE_LOOP_ANALYSIS = YES;
				CLANG_WARN_STRICT_PROTOTYPES = YES;
				CLANG_WARN_SUSPICIOUS_MOVE = YES;
				CLANG_WARN_UNGUARDED_AVAILABILITY = YES_AGGRESSIVE;
				CLANG_WARN_UNREACHABLE_CODE = YES;
				CLANG_WARN__DUPLICATE_METHOD_MATCH = YES;
				COPY_PHASE_STRIP = NO;
				DEBUG_INFORMATION_FORMAT = dwarf;
				ENABLE_STRICT_OBJC_MSGSEND = YES;
				ENABLE_TESTABILITY = YES;
				GCC_C_LANGUAGE_STANDARD = gnu11;
				GCC_DYNAMIC_NO_PIC = NO;
				GCC_NO_COMMON_BLOCKS = YES;
				GCC_OPTIMIZATION_LEVEL = 0;
				GCC_PREPROCESSOR_DEFINITIONS = (
					"DEBUG=1",
					"$(inherited)",
				);
				GCC_WARN_64_TO_32_BIT_CONVERSION = YES;
				GCC_WARN_ABOUT_RETURN_TYPE = YES_ERROR;
				GCC_WARN_UNDECLARED_SELECTOR = YES;
				GCC_WARN_UNINITIALIZED_AUTOS = YES_AGGRESSIVE;
				GCC_WARN_UNUSED_FUNCTION = YES;
				GCC_WARN_UNUSED_VARIABLE = YES;
				IPHONEOS_DEPLOYMENT_TARGET = 15.4;
				MTL_ENABLE_DEBUG_INFO = INCLUDE_SOURCE;
				MTL_FAST_MATH = YES;
				ONLY_ACTIVE_ARCH = YES;
				SDKROOT = iphoneos;
				SWIFT_ACTIVE_COMPILATION_CONDITIONS = DEBUG;
				SWIFT_OPTIMIZATION_LEVEL = "-Onone";
			};
			name = Debug;
		};
		83572F31281FC03500B329DE /* Release */ = {
			isa = XCBuildConfiguration;
			buildSettings = {
				ALWAYS_SEARCH_USER_PATHS = NO;
				CLANG_ANALYZER_NONNULL = YES;
				CLANG_ANALYZER_NUMBER_OBJECT_CONVERSION = YES_AGGRESSIVE;
				CLANG_CXX_LANGUAGE_STANDARD = "gnu++17";
				CLANG_ENABLE_MODULES = YES;
				CLANG_ENABLE_OBJC_ARC = YES;
				CLANG_ENABLE_OBJC_WEAK = YES;
				CLANG_WARN_BLOCK_CAPTURE_AUTORELEASING = YES;
				CLANG_WARN_BOOL_CONVERSION = YES;
				CLANG_WARN_COMMA = YES;
				CLANG_WARN_CONSTANT_CONVERSION = YES;
				CLANG_WARN_DEPRECATED_OBJC_IMPLEMENTATIONS = YES;
				CLANG_WARN_DIRECT_OBJC_ISA_USAGE = YES_ERROR;
				CLANG_WARN_DOCUMENTATION_COMMENTS = YES;
				CLANG_WARN_EMPTY_BODY = YES;
				CLANG_WARN_ENUM_CONVERSION = YES;
				CLANG_WARN_INFINITE_RECURSION = YES;
				CLANG_WARN_INT_CONVERSION = YES;
				CLANG_WARN_NON_LITERAL_NULL_CONVERSION = YES;
				CLANG_WARN_OBJC_IMPLICIT_RETAIN_SELF = YES;
				CLANG_WARN_OBJC_LITERAL_CONVERSION = YES;
				CLANG_WARN_OBJC_ROOT_CLASS = YES_ERROR;
				CLANG_WARN_QUOTED_INCLUDE_IN_FRAMEWORK_HEADER = YES;
				CLANG_WARN_RANGE_LOOP_ANALYSIS = YES;
				CLANG_WARN_STRICT_PROTOTYPES = YES;
				CLANG_WARN_SUSPICIOUS_MOVE = YES;
				CLANG_WARN_UNGUARDED_AVAILABILITY = YES_AGGRESSIVE;
				CLANG_WARN_UNREACHABLE_CODE = YES;
				CLANG_WARN__DUPLICATE_METHOD_MATCH = YES;
				COPY_PHASE_STRIP = NO;
				DEBUG_INFORMATION_FORMAT = "dwarf-with-dsym";
				ENABLE_NS_ASSERTIONS = NO;
				ENABLE_STRICT_OBJC_MSGSEND = YES;
				GCC_C_LANGUAGE_STANDARD = gnu11;
				GCC_NO_COMMON_BLOCKS = YES;
				GCC_WARN_64_TO_32_BIT_CONVERSION = YES;
				GCC_WARN_ABOUT_RETURN_TYPE = YES_ERROR;
				GCC_WARN_UNDECLARED_SELECTOR = YES;
				GCC_WARN_UNINITIALIZED_AUTOS = YES_AGGRESSIVE;
				GCC_WARN_UNUSED_FUNCTION = YES;
				GCC_WARN_UNUSED_VARIABLE = YES;
				IPHONEOS_DEPLOYMENT_TARGET = 15.4;
				MTL_ENABLE_DEBUG_INFO = NO;
				MTL_FAST_MATH = YES;
				SDKROOT = iphoneos;
				SWIFT_COMPILATION_MODE = wholemodule;
				SWIFT_OPTIMIZATION_LEVEL = "-O";
				VALIDATE_PRODUCT = YES;
			};
			name = Release;
		};
		83572F33281FC03500B329DE /* Debug */ = {
			isa = XCBuildConfiguration;
			buildSettings = {
				ASSETCATALOG_COMPILER_APPICON_NAME = AppIcon;
				ASSETCATALOG_COMPILER_GLOBAL_ACCENT_COLOR_NAME = AccentColor;
				CODE_SIGN_STYLE = Automatic;
				CURRENT_PROJECT_VERSION = 1;
				DEVELOPMENT_TEAM = 6RH52NKDR6;
				GENERATE_INFOPLIST_FILE = YES;
				INFOPLIST_FILE = StrategyBasedCollectionViewController/Info.plist;
				INFOPLIST_KEY_UIApplicationSupportsIndirectInputEvents = YES;
				INFOPLIST_KEY_UILaunchStoryboardName = LaunchScreen;
				INFOPLIST_KEY_UIMainStoryboardFile = Main;
				INFOPLIST_KEY_UISupportedInterfaceOrientations_iPad = "UIInterfaceOrientationPortrait UIInterfaceOrientationPortraitUpsideDown UIInterfaceOrientationLandscapeLeft UIInterfaceOrientationLandscapeRight";
				INFOPLIST_KEY_UISupportedInterfaceOrientations_iPhone = "UIInterfaceOrientationPortrait UIInterfaceOrientationLandscapeLeft UIInterfaceOrientationLandscapeRight";
				IPHONEOS_DEPLOYMENT_TARGET = 13.0;
				LD_RUNPATH_SEARCH_PATHS = (
					"$(inherited)",
					"@executable_path/Frameworks",
				);
				MARKETING_VERSION = 1.0;
				PRODUCT_BUNDLE_IDENTIFIER = com.pinguding.StrategyBasedCollectionViewController;
				PRODUCT_NAME = "$(TARGET_NAME)";
				SWIFT_EMIT_LOC_STRINGS = YES;
				SWIFT_VERSION = 5.0;
				TARGETED_DEVICE_FAMILY = "1,2";
			};
			name = Debug;
		};
		83572F34281FC03500B329DE /* Release */ = {
			isa = XCBuildConfiguration;
			buildSettings = {
				ASSETCATALOG_COMPILER_APPICON_NAME = AppIcon;
				ASSETCATALOG_COMPILER_GLOBAL_ACCENT_COLOR_NAME = AccentColor;
				CODE_SIGN_STYLE = Automatic;
				CURRENT_PROJECT_VERSION = 1;
				DEVELOPMENT_TEAM = 6RH52NKDR6;
				GENERATE_INFOPLIST_FILE = YES;
				INFOPLIST_FILE = StrategyBasedCollectionViewController/Info.plist;
				INFOPLIST_KEY_UIApplicationSupportsIndirectInputEvents = YES;
				INFOPLIST_KEY_UILaunchStoryboardName = LaunchScreen;
				INFOPLIST_KEY_UIMainStoryboardFile = Main;
				INFOPLIST_KEY_UISupportedInterfaceOrientations_iPad = "UIInterfaceOrientationPortrait UIInterfaceOrientationPortraitUpsideDown UIInterfaceOrientationLandscapeLeft UIInterfaceOrientationLandscapeRight";
				INFOPLIST_KEY_UISupportedInterfaceOrientations_iPhone = "UIInterfaceOrientationPortrait UIInterfaceOrientationLandscapeLeft UIInterfaceOrientationLandscapeRight";
				IPHONEOS_DEPLOYMENT_TARGET = 13.0;
				LD_RUNPATH_SEARCH_PATHS = (
					"$(inherited)",
					"@executable_path/Frameworks",
				);
				MARKETING_VERSION = 1.0;
				PRODUCT_BUNDLE_IDENTIFIER = com.pinguding.StrategyBasedCollectionViewController;
				PRODUCT_NAME = "$(TARGET_NAME)";
				SWIFT_EMIT_LOC_STRINGS = YES;
				SWIFT_VERSION = 5.0;
				TARGETED_DEVICE_FAMILY = "1,2";
			};
			name = Release;
		};
/* End XCBuildConfiguration section */

/* Begin XCConfigurationList section */
		83572F19281FC03400B329DE /* Build configuration list for PBXProject "StrategyBasedCollectionViewController" */ = {
			isa = XCConfigurationList;
			buildConfigurations = (
				83572F30281FC03500B329DE /* Debug */,
				83572F31281FC03500B329DE /* Release */,
			);
			defaultConfigurationIsVisible = 0;
			defaultConfigurationName = Release;
		};
		83572F32281FC03500B329DE /* Build configuration list for PBXNativeTarget "StrategyBasedCollectionViewController" */ = {
			isa = XCConfigurationList;
			buildConfigurations = (
				83572F33281FC03500B329DE /* Debug */,
				83572F34281FC03500B329DE /* Release */,
			);
			defaultConfigurationIsVisible = 0;
			defaultConfigurationName = Release;
		};
/* End XCConfigurationList section */

/* Begin XCRemoteSwiftPackageReference section */
		83A287532837543B00ED9EF9 /* XCRemoteSwiftPackageReference "ios-frameworks-QDSKit" */ = {
			isa = XCRemoteSwiftPackageReference;
			repositoryURL = "https://github.com/mathpresso/ios-frameworks-QDSKit";
			requirement = {
				kind = upToNextMajorVersion;
				minimumVersion = 1.0.0;
			};
		};
/* End XCRemoteSwiftPackageReference section */

/* Begin XCSwiftPackageProductDependency section */
		83A287542837543B00ED9EF9 /* QDSKit */ = {
			isa = XCSwiftPackageProductDependency;
			package = 83A287532837543B00ED9EF9 /* XCRemoteSwiftPackageReference "ios-frameworks-QDSKit" */;
			productName = QDSKit;
		};
/* End XCSwiftPackageProductDependency section */
	};
	rootObject = 83572F16281FC03400B329DE /* Project object */;
}
